
Microsoft Visual Studio Solution File, Format Version 12.00
# Visual Studio Version 16
VisualStudioVersion = 16.0.29924.181
MinimumVisualStudioVersion = 10.0.40219.1
Project("{9A19103F-16F7-4668-BE54-9A1E7A4F7556}") = "Sample", "Sample\Sample.csproj", "{62A0CE0B-3F9D-4D69-BC92-0CB104D6F45B}"
EndProject
Project("{2150E333-8FDC-42A3-9474-1A3956D46DE8}") = "Solution Items", "Solution Items", "{274C2554-09C3-46F3-8E35-3C614708A357}"
	ProjectSection(SolutionItems) = preProject
		.editorconfig = .editorconfig
		..\.gitignore = ..\.gitignore
		..\appveyor.yml = ..\appveyor.yml
		..\azure-pipelines.yml = ..\azure-pipelines.yml
		Directory.Build.props = Directory.Build.props
		global.json = global.json
		..\README.md = ..\README.md
	EndProjectSection
EndProject
Project("{9A19103F-16F7-4668-BE54-9A1E7A4F7556}") = "ReloadablePipeline", "Dazinator.ResponsiveCore.ReloadablePipeline\ReloadablePipeline.csproj", "{23E25532-1D9A-4F2F-9FDF-D4D26BBAFC58}"
EndProject
Project("{D954291E-2A0B-460D-934E-DC6B0785DB48}") = "Shared", "Shared\Shared.shproj", "{982977A5-6490-4F77-8A3F-4145D17918E6}"
EndProject
Project("{9A19103F-16F7-4668-BE54-9A1E7A4F7556}") = "Tests", "Tests\Tests.csproj", "{8997E679-83E4-47C5-BE60-309D9C26712F}"
EndProject
Project("{9A19103F-16F7-4668-BE54-9A1E7A4F7556}") = "EnabledHostedService", "Dazinator.ResponsiveCore.EnabledHostedService\EnabledHostedService.csproj", "{F85BC4B1-4E64-456E-93BE-6D8D06E1FA93}"
EndProject
Global
	GlobalSection(SharedMSBuildProjectFiles) = preSolution
		Shared\Shared.projitems*{23e25532-1d9a-4f2f-9fdf-d4d26bbafc58}*SharedItemsImports = 5
		Shared\Shared.projitems*{982977a5-6490-4f77-8a3f-4145d17918e6}*SharedItemsImports = 13
		Shared\Shared.projitems*{f85bc4b1-4e64-456e-93be-6d8d06e1fa93}*SharedItemsImports = 5
	EndGlobalSection
	GlobalSection(SolutionConfigurationPlatforms) = preSolution
		Debug|Any CPU = Debug|Any CPU
		Release|Any CPU = Release|Any CPU
	EndGlobalSection
	GlobalSection(ProjectConfigurationPlatforms) = postSolution
		{62A0CE0B-3F9D-4D69-BC92-0CB104D6F45B}.Debug|Any CPU.ActiveCfg = Debug|Any CPU
		{62A0CE0B-3F9D-4D69-BC92-0CB104D6F45B}.Debug|Any CPU.Build.0 = Debug|Any CPU
		{62A0CE0B-3F9D-4D69-BC92-0CB104D6F45B}.Release|Any CPU.ActiveCfg = Release|Any CPU
		{62A0CE0B-3F9D-4D69-BC92-0CB104D6F45B}.Release|Any CPU.Build.0 = Release|Any CPU
		{23E25532-1D9A-4F2F-9FDF-D4D26BBAFC58}.Debug|Any CPU.ActiveCfg = Debug|Any CPU
		{23E25532-1D9A-4F2F-9FDF-D4D26BBAFC58}.Debug|Any CPU.Build.0 = Debug|Any CPU
		{23E25532-1D9A-4F2F-9FDF-D4D26BBAFC58}.Release|Any CPU.ActiveCfg = Release|Any CPU
		{23E25532-1D9A-4F2F-9FDF-D4D26BBAFC58}.Release|Any CPU.Build.0 = Release|Any CPU
		{8997E679-83E4-47C5-BE60-309D9C26712F}.Debug|Any CPU.ActiveCfg = Debug|Any CPU
		{8997E679-83E4-47C5-BE60-309D9C26712F}.Debug|Any CPU.Build.0 = Debug|Any CPU
		{8997E679-83E4-47C5-BE60-309D9C26712F}.Release|Any CPU.ActiveCfg = Release|Any CPU
		{8997E679-83E4-47C5-BE60-309D9C26712F}.Release|Any CPU.Build.0 = Release|Any CPU
		{F85BC4B1-4E64-456E-93BE-6D8D06E1FA93}.Debug|Any CPU.ActiveCfg = Debug|Any CPU
		{F85BC4B1-4E64-456E-93BE-6D8D06E1FA93}.Debug|Any CPU.Build.0 = Debug|Any CPU
		{F85BC4B1-4E64-456E-93BE-6D8D06E1FA93}.Release|Any CPU.ActiveCfg = Release|Any CPU
		{F85BC4B1-4E64-456E-93BE-6D8D06E1FA93}.Release|Any CPU.Build.0 = Release|Any CPU
	EndGlobalSection
	GlobalSection(SolutionProperties) = preSolution
		HideSolutionNode = FALSE
	EndGlobalSection
	GlobalSection(ExtensibilityGlobals) = postSolution
		SolutionGuid = {6B439C03-FF73-48CB-BD9D-DEE70F37940D}
	EndGlobalSection
EndGlobal
